
Microsoft Visual Studio Solution File, Format Version 12.00
# Visual Studio Version 16
VisualStudioVersion = 16.0.29001.49
MinimumVisualStudioVersion = 10.0.40219.1
Project("{FAE04EC0-301F-11D3-BF4B-00C04F79EFBC}") = "WebAppAssignment", "WebAppAssignment\WebAppAssignment.csproj", "{7823F4F1-96C5-4501-A562-987B7833AA31}"
EndProject
Global
	GlobalSection(SolutionConfigurationPlatforms) = preSolution
		Debug|Any CPU = Debug|Any CPU
		Release|Any CPU = Release|Any CPU
	EndGlobalSection
	GlobalSection(ProjectConfigurationPlatforms) = postSolution
		{7823F4F1-96C5-4501-A562-987B7833AA31}.Debug|Any CPU.ActiveCfg = Debug|Any CPU
		{7823F4F1-96C5-4501-A562-987B7833AA31}.Debug|Any CPU.Build.0 = Debug|Any CPU
		{7823F4F1-96C5-4501-A562-987B7833AA31}.Release|Any CPU.ActiveCfg = Release|Any CPU
		{7823F4F1-96C5-4501-A562-987B7833AA31}.Release|Any CPU.Build.0 = Release|Any CPU
	EndGlobalSection
	GlobalSection(SolutionProperties) = preSolution
		HideSolutionNode = FALSE
	EndGlobalSection
	GlobalSection(ExtensibilityGlobals) = postSolution
		SolutionGuid = {C946FD35-530A-413C-9030-0111421AF7A6}
	EndGlobalSection
EndGlobal
